
Microsoft Visual Studio Solution File, Format Version 12.00
# Visual Studio Version 17
VisualStudioVersion = 17.12.35506.116 d17.12
MinimumVisualStudioVersion = 10.0.40219.1
Project("{FAE04EC0-301F-11D3-BF4B-00C04F79EFBC}") = "Blog.Web", "Blog.Web\Blog.Web.csproj", "{674C73EE-DC84-45CF-8BCD-D90EB07329C6}"
EndProject
Project("{FAE04EC0-301F-11D3-BF4B-00C04F79EFBC}") = "Blog.DataLayer", "Blog.DataLayer\Blog.DataLayer.csproj", "{B67EA2D4-5C17-44B0-B9FF-0A97A975217B}"
EndProject
Project("{FAE04EC0-301F-11D3-BF4B-00C04F79EFBC}") = "Blog.CoreLayer", "Blog.CoreLayer\Blog.CoreLayer.csproj", "{326ED34E-BCE8-4610-9CB4-DC093BEC7088}"
EndProject
Global
	GlobalSection(SolutionConfigurationPlatforms) = preSolution
		Debug|Any CPU = Debug|Any CPU
		Release|Any CPU = Release|Any CPU
	EndGlobalSection
	GlobalSection(ProjectConfigurationPlatforms) = postSolution
		{674C73EE-DC84-45CF-8BCD-D90EB07329C6}.Debug|Any CPU.ActiveCfg = Debug|Any CPU
		{674C73EE-DC84-45CF-8BCD-D90EB07329C6}.Debug|Any CPU.Build.0 = Debug|Any CPU
		{674C73EE-DC84-45CF-8BCD-D90EB07329C6}.Release|Any CPU.ActiveCfg = Release|Any CPU
		{674C73EE-DC84-45CF-8BCD-D90EB07329C6}.Release|Any CPU.Build.0 = Release|Any CPU
		{B67EA2D4-5C17-44B0-B9FF-0A97A975217B}.Debug|Any CPU.ActiveCfg = Debug|Any CPU
		{B67EA2D4-5C17-44B0-B9FF-0A97A975217B}.Debug|Any CPU.Build.0 = Debug|Any CPU
		{B67EA2D4-5C17-44B0-B9FF-0A97A975217B}.Release|Any CPU.ActiveCfg = Release|Any CPU
		{B67EA2D4-5C17-44B0-B9FF-0A97A975217B}.Release|Any CPU.Build.0 = Release|Any CPU
		{326ED34E-BCE8-4610-9CB4-DC093BEC7088}.Debug|Any CPU.ActiveCfg = Debug|Any CPU
		{326ED34E-BCE8-4610-9CB4-DC093BEC7088}.Debug|Any CPU.Build.0 = Debug|Any CPU
		{326ED34E-BCE8-4610-9CB4-DC093BEC7088}.Release|Any CPU.ActiveCfg = Release|Any CPU
		{326ED34E-BCE8-4610-9CB4-DC093BEC7088}.Release|Any CPU.Build.0 = Release|Any CPU
	EndGlobalSection
	GlobalSection(SolutionProperties) = preSolution
		HideSolutionNode = FALSE
	EndGlobalSection
EndGlobal
